
Microsoft Visual Studio Solution File, Format Version 12.00
# Visual Studio 15
VisualStudioVersion = 15.0.28010.2019
MinimumVisualStudioVersion = 10.0.40219.1
Project("{FAE04EC0-301F-11D3-BF4B-00C04F79EFBC}") = "IsputCSharpWinFormsV2", "IsputCSharpWinFormsV2\IsputCSharpWinFormsV2.csproj", "{9A7D9A1D-E143-417E-A3F1-D53FFB99FD90}"
EndProject
Global
	GlobalSection(SolutionConfigurationPlatforms) = preSolution
		Debug|Any CPU = Debug|Any CPU
		Release|Any CPU = Release|Any CPU
	EndGlobalSection
	GlobalSection(ProjectConfigurationPlatforms) = postSolution
		{9A7D9A1D-E143-417E-A3F1-D53FFB99FD90}.Debug|Any CPU.ActiveCfg = Debug|Any CPU
		{9A7D9A1D-E143-417E-A3F1-D53FFB99FD90}.Debug|Any CPU.Build.0 = Debug|Any CPU
		{9A7D9A1D-E143-417E-A3F1-D53FFB99FD90}.Release|Any CPU.ActiveCfg = Release|Any CPU
		{9A7D9A1D-E143-417E-A3F1-D53FFB99FD90}.Release|Any CPU.Build.0 = Release|Any CPU
	EndGlobalSection
	GlobalSection(SolutionProperties) = preSolution
		HideSolutionNode = FALSE
	EndGlobalSection
	GlobalSection(ExtensibilityGlobals) = postSolution
		SolutionGuid = {F8233150-5567-466B-A7B6-5098C82FD7E8}
	EndGlobalSection
EndGlobal
